
Microsoft Visual Studio Solution File, Format Version 12.00
# Visual Studio 15
VisualStudioVersion = 15.0.27004.2005
MinimumVisualStudioVersion = 10.0.40219.1
Project("{9A19103F-16F7-4668-BE54-9A1E7A4F7556}") = "PerformanceMeter", "PerformanceMeter\PerformanceMeter.csproj", "{D1FFFDB8-717E-4F8A-BB21-35350495778A}"
EndProject
Project("{9A19103F-16F7-4668-BE54-9A1E7A4F7556}") = "PerformanceMeterUT", "PerformanceMeterUT\PerformanceMeterUT.csproj", "{90FBCF78-22A5-403D-99B2-38FD57E7C419}"
EndProject
Global
	GlobalSection(SolutionConfigurationPlatforms) = preSolution
		Debug|x64 = Debug|x64
		Release|x64 = Release|x64
	EndGlobalSection
	GlobalSection(ProjectConfigurationPlatforms) = postSolution
		{D1FFFDB8-717E-4F8A-BB21-35350495778A}.Debug|x64.ActiveCfg = Debug|x64
		{D1FFFDB8-717E-4F8A-BB21-35350495778A}.Debug|x64.Build.0 = Debug|x64
		{D1FFFDB8-717E-4F8A-BB21-35350495778A}.Release|x64.ActiveCfg = Release|x64
		{D1FFFDB8-717E-4F8A-BB21-35350495778A}.Release|x64.Build.0 = Release|x64
		{90FBCF78-22A5-403D-99B2-38FD57E7C419}.Debug|x64.ActiveCfg = Debug|x64
		{90FBCF78-22A5-403D-99B2-38FD57E7C419}.Debug|x64.Build.0 = Debug|x64
		{90FBCF78-22A5-403D-99B2-38FD57E7C419}.Release|x64.ActiveCfg = Release|x64
		{90FBCF78-22A5-403D-99B2-38FD57E7C419}.Release|x64.Build.0 = Release|x64
	EndGlobalSection
	GlobalSection(SolutionProperties) = preSolution
		HideSolutionNode = FALSE
	EndGlobalSection
	GlobalSection(ExtensibilityGlobals) = postSolution
		SolutionGuid = {67872D8B-6C5E-4450-B052-0D2FAB478E87}
	EndGlobalSection
EndGlobal
