
Microsoft Visual Studio Solution File, Format Version 12.00
# Visual Studio 15
VisualStudioVersion = 15.0.27004.2005
MinimumVisualStudioVersion = 10.0.40219.1
Project("{9A19103F-16F7-4668-BE54-9A1E7A4F7556}") = "PerformanceMeter", "PerformanceMeter\PerformanceMeter.csproj", "{D1FFFDB8-717E-4F8A-BB21-35350495778A}"
EndProject
Project("{FAE04EC0-301F-11D3-BF4B-00C04F79EFBC}") = "PerformanceMeterUT", "PerformanceMeterUT\PerformanceMeterUT.csproj", "{90FBCF78-22A5-403D-99B2-38FD57E7C419}"
EndProject
Global
	GlobalSection(SolutionConfigurationPlatforms) = preSolution
		Debug|Any CPU = Debug|Any CPU
		Release|Any CPU = Release|Any CPU
	EndGlobalSection
	GlobalSection(ProjectConfigurationPlatforms) = postSolution
		{D1FFFDB8-717E-4F8A-BB21-35350495778A}.Debug|Any CPU.ActiveCfg = Debug|Any CPU
		{D1FFFDB8-717E-4F8A-BB21-35350495778A}.Debug|Any CPU.Build.0 = Debug|Any CPU
		{D1FFFDB8-717E-4F8A-BB21-35350495778A}.Release|Any CPU.ActiveCfg = Release|Any CPU
		{D1FFFDB8-717E-4F8A-BB21-35350495778A}.Release|Any CPU.Build.0 = Release|Any CPU
		{90FBCF78-22A5-403D-99B2-38FD57E7C419}.Debug|Any CPU.ActiveCfg = Debug|Any CPU
		{90FBCF78-22A5-403D-99B2-38FD57E7C419}.Debug|Any CPU.Build.0 = Debug|Any CPU
		{90FBCF78-22A5-403D-99B2-38FD57E7C419}.Release|Any CPU.ActiveCfg = Release|Any CPU
		{90FBCF78-22A5-403D-99B2-38FD57E7C419}.Release|Any CPU.Build.0 = Release|Any CPU
	EndGlobalSection
	GlobalSection(SolutionProperties) = preSolution
		HideSolutionNode = FALSE
	EndGlobalSection
	GlobalSection(ExtensibilityGlobals) = postSolution
		SolutionGuid = {67872D8B-6C5E-4450-B052-0D2FAB478E87}
	EndGlobalSection
EndGlobal
